<?xml version="1.0" encoding="utf-8"?>
<Project ToolsVersion="4.0" xmlns="http://schemas.microsoft.com/developer/msbuild/2003">
  <ItemGroup>
    <Filter Include="Source Files">
      <UniqueIdentifier>{4FC737F1-C7A5-4376-A066-2A32D752A2FF}</UniqueIdentifier>
      <Extensions>cpp;c;cxx;def;odl;idl;hpj;bat;asm;asmx</Extensions>
    </Filter>
    <Filter Include="Header Files">
      <UniqueIdentifier>{93995380-89BD-4b04-88EB-625FBE52EBFB}</UniqueIdentifier>
      <Extensions>h;hpp;hxx;hm;inl;inc;xsd</Extensions>
    </Filter>
    <Filter Include="Resource Files">
      <UniqueIdentifier>{67DA6AB6-F800-4c08-8B7A-83BB121AAD01}</UniqueIdentifier>
      <Extensions>rc;ico;cur;bmp;dlg;rc2;rct;bin;rgs;gif;jpg;jpeg;jpe;resx</Extensions>
    </Filter>
  </ItemGroup>
  <ItemGroup>
    <ClCompile Include="Sources\Arch1.cpp">
      <Filter>Source Files</Filter>
    </ClCompile>
    <ClCompile Include="Sources\Camera.cpp">
      <Filter>Source Files</Filter>
    </ClCompile>
    <ClCompile Include="Sources\Dome.cpp">
      <Filter>Source Files</Filter>
    </ClCompile>
    <ClCompile Include="Sources\Ds\DSCells.cpp">
      <Filter>Source Files</Filter>
    </ClCompile>
    <ClCompile Include="Sources\Ds\DSCylinder.cpp">
      <Filter>Source Files</Filter>
    </ClCompile>
    <ClCompile Include="Sources\Ds\DSExtrude.cpp">
      <Filter>Source Files</Filter>
    </ClCompile>
    <ClCompile Include="Sources\Ds\DSHyperboloid.cpp">
      <Filter>Source Files</Filter>
    </ClCompile>
    <ClCompile Include="Sources\Ds\DSLathe.cpp">
      <Filter>Source Files</Filter>
    </ClCompile>
    <ClCompile Include="Sources\Ds\DSsolid.cpp">
      <Filter>Source Files</Filter>
    </ClCompile>
    <ClCompile Include="Sources\EndTable1.cpp">
      <Filter>Source Files</Filter>
    </ClCompile>
    <ClCompile Include="Sources\Entity.cpp">
      <Filter>Source Files</Filter>
    </ClCompile>
    <ClCompile Include="Sources\Floor.cpp">
      <Filter>Source Files</Filter>
    </ClCompile>
    <ClCompile Include="Sources\FunTorus.cpp">
      <Filter>Source Files</Filter>
    </ClCompile>
    <ClCompile Include="Sources\imageFile.cpp">
      <Filter>Source Files</Filter>
    </ClCompile>
    <ClCompile Include="Sources\intersections.cpp">
      <Filter>Source Files</Filter>
    </ClCompile>
    <ClCompile Include="Sources\LampA.cpp">
      <Filter>Source Files</Filter>
    </ClCompile>
    <ClCompile Include="Sources\main.cpp">
      <Filter>Source Files</Filter>
    </ClCompile>
    <ClCompile Include="Sources\mat3d.cpp">
      <Filter>Source Files</Filter>
    </ClCompile>
    <ClCompile Include="Sources\Pawn.cpp">
      <Filter>Source Files</Filter>
    </ClCompile>
    <ClCompile Include="Sources\PillarA.cpp">
      <Filter>Source Files</Filter>
    </ClCompile>
    <ClCompile Include="Sources\Ds\Poly.cpp">
      <Filter>Source Files</Filter>
    </ClCompile>
    <ClCompile Include="Sources\TgaList.cpp">
      <Filter>Source Files</Filter>
    </ClCompile>
    <ClCompile Include="Sources\TorStand.cpp">
      <Filter>Source Files</Filter>
    </ClCompile>
    <ClCompile Include="Sources\vec3d.cpp">
      <Filter>Source Files</Filter>
    </ClCompile>
    <ClCompile Include="Sources\World.cpp">
      <Filter>Source Files</Filter>
    </ClCompile>
  </ItemGroup>
  <ItemGroup>
    <ClInclude Include="Sources\Arch1.h">
      <Filter>Header Files</Filter>
    </ClInclude>
    <ClInclude Include="Sources\Camera.h">
      <Filter>Header Files</Filter>
    </ClInclude>
    <ClInclude Include="Sources\consts.h">
      <Filter>Header Files</Filter>
    </ClInclude>
    <ClInclude Include="Sources\Dome.h">
      <Filter>Header Files</Filter>
    </ClInclude>
    <ClInclude Include="Sources\Ds\DSCells.h">
      <Filter>Header Files</Filter>
    </ClInclude>
    <ClInclude Include="Sources\Ds\DSCylinder.h">
      <Filter>Header Files</Filter>
    </ClInclude>
    <ClInclude Include="Sources\Ds\DSExtrude.h">
      <Filter>Header Files</Filter>
    </ClInclude>
    <ClInclude Include="Sources\Ds\DSHyperboloid.h">
      <Filter>Header Files</Filter>
    </ClInclude>
    <ClInclude Include="Sources\Ds\DSLathe.h">
      <Filter>Header Files</Filter>
    </ClInclude>
    <ClInclude Include="Sources\Ds\DSsolid.h">
      <Filter>Header Files</Filter>
    </ClInclude>
    <ClInclude Include="Sources\EndTable1.h">
      <Filter>Header Files</Filter>
    </ClInclude>
    <ClInclude Include="Sources\Entity.h">
      <Filter>Header Files</Filter>
    </ClInclude>
    <ClInclude Include="Sources\Floor.h">
      <Filter>Header Files</Filter>
    </ClInclude>
    <ClInclude Include="Sources\FunTorus.h">
      <Filter>Header Files</Filter>
    </ClInclude>
    <ClInclude Include="Sources\imageFile.h">
      <Filter>Header Files</Filter>
    </ClInclude>
    <ClInclude Include="Sources\intersections.h">
      <Filter>Header Files</Filter>
    </ClInclude>
    <ClInclude Include="Sources\LampA.h">
      <Filter>Header Files</Filter>
    </ClInclude>
    <ClInclude Include="Sources\mat3d.h">
      <Filter>Header Files</Filter>
    </ClInclude>
    <ClInclude Include="Sources\materials.h">
      <Filter>Header Files</Filter>
    </ClInclude>
    <ClInclude Include="Sources\Pawn.h">
      <Filter>Header Files</Filter>
    </ClInclude>
    <ClInclude Include="Sources\PillarA.h">
      <Filter>Header Files</Filter>
    </ClInclude>
    <ClInclude Include="Sources\Ds\Poly.h">
      <Filter>Header Files</Filter>
    </ClInclude>
    <ClInclude Include="Sources\TgaList.h">
      <Filter>Header Files</Filter>
    </ClInclude>
    <ClInclude Include="Sources\TorStand.h">
      <Filter>Header Files</Filter>
    </ClInclude>
    <ClInclude Include="Sources\vec3d.h">
      <Filter>Header Files</Filter>
    </ClInclude>
    <ClInclude Include="Sources\World.h">
      <Filter>Header Files</Filter>
    </ClInclude>
  </ItemGroup>
</Project>